<?xml version="1.0" encoding="utf-8"?>
<Project ToolsVersion="4.0" xmlns="http://schemas.microsoft.com/developer/msbuild/2003">
  <ItemGroup>
    <Filter Include="Source Files">
      <UniqueIdentifier>{4FC737F1-C7A5-4376-A066-2A32D752A2FF}</UniqueIdentifier>
      <Extensions>cpp;c;cc;cxx;c++;cppm;ixx;def;odl;idl;hpj;bat;asm;asmx</Extensions>
    </Filter>
    <Filter Include="Header Files">
      <UniqueIdentifier>{93995380-89BD-4b04-88EB-625FBE52EBFB}</UniqueIdentifier>
      <Extensions>h;hh;hpp;hxx;h++;hm;inl;inc;ipp;xsd</Extensions>
    </Filter>
    <Filter Include="Resource Files">
      <UniqueIdentifier>{67DA6AB6-F800-4c08-8B7A-83BB121AAD01}</UniqueIdentifier>
      <Extensions>rc;ico;cur;bmp;dlg;rc2;rct;bin;rgs;gif;jpg;jpeg;jpe;resx;tiff;tif;png;wav;mfcribbon-ms</Extensions>
    </Filter>
  </ItemGroup>
  <ItemGroup>
    <ClCompile Include="trBTN_Key.cpp">
      <Filter>Source Files</Filter>
    </ClCompile>
    <ClCompile Include="trData.cpp">
      <Filter>Source Files</Filter>
    </ClCompile>
    <ClCompile Include="trKeyBoardManagement.cpp">
      <Filter>Source Files</Filter>
    </ClCompile>
    <ClCompile Include="trSelector.cpp">
      <Filter>Source Files</Filter>
    </ClCompile>
    <ClCompile Include="trSize.cpp">
      <Filter>Source Files</Filter>
    </ClCompile>
    <ClCompile Include="trUI.cpp">
      <Filter>Source Files</Filter>
    </ClCompile>
    <ClCompile Include="trUI_Tools.cpp">
      <Filter>Source Files</Filter>
    </ClCompile>
    <ClCompile Include="trWidget.cpp">
      <Filter>Source Files</Filter>
    </ClCompile>
    <ClCompile Include="trPair.cpp">
      <Filter>Source Files</Filter>
    </ClCompile>
    <ClCompile Include="trMap.cpp">
      <Filter>Source Files</Filter>
    </ClCompile>
    <ClCompile Include="trCoordinate.cpp">
      <Filter>Source Files</Filter>
    </ClCompile>
  </ItemGroup>
  <ItemGroup>
    <ClInclude Include="trBTN_Key.h">
      <Filter>Header Files</Filter>
    </ClInclude>
    <ClInclude Include="trCoordinate.h">
      <Filter>Header Files</Filter>
    </ClInclude>
    <ClInclude Include="trData.h">
      <Filter>Header Files</Filter>
    </ClInclude>
    <ClInclude Include="include.h">
      <Filter>Header Files</Filter>
    </ClInclude>
    <ClInclude Include="trKeyBoardManagement.h">
      <Filter>Header Files</Filter>
    </ClInclude>
    <ClInclude Include="trSelector.h">
      <Filter>Header Files</Filter>
    </ClInclude>
    <ClInclude Include="trSize.h">
      <Filter>Header Files</Filter>
    </ClInclude>
    <ClInclude Include="trUI.h">
      <Filter>Header Files</Filter>
    </ClInclude>
    <ClInclude Include="trUI_Tools.h">
      <Filter>Header Files</Filter>
    </ClInclude>
    <ClInclude Include="trObject.h">
      <Filter>Header Files</Filter>
    </ClInclude>
    <ClInclude Include="trWidget.h">
      <Filter>Header Files</Filter>
    </ClInclude>
    <ClInclude Include="trPair.h">
      <Filter>Header Files</Filter>
    </ClInclude>
    <ClInclude Include="trMap.h">
      <Filter>Header Files</Filter>
    </ClInclude>
  </ItemGroup>
</Project>